
Microsoft Visual Studio Solution File, Format Version 12.00
Project("{FAE04EC0-301F-11D3-BF4B-00C04F79EFBC}") = "Lealthy Hospital Application System", "Lealthy Hospital Application System.csproj", "{E025A153-C6EF-4FC4-BC71-C7F82CF9D7E0}"
EndProject
Project("{FAE04EC0-301F-11D3-BF4B-00C04F79EFBC}") = "Lealthy Hospital Application System.Tests", "Lealthy Hospital Application System.Tests\Lealthy Hospital Application System.Tests.csproj", "{B382E0BE-C40A-4B7A-926C-3509C6E56102}"
EndProject
Global
	GlobalSection(SolutionConfigurationPlatforms) = preSolution
		Debug|Any CPU = Debug|Any CPU
		Release|Any CPU = Release|Any CPU
	EndGlobalSection
	GlobalSection(ProjectConfigurationPlatforms) = postSolution
		{E025A153-C6EF-4FC4-BC71-C7F82CF9D7E0}.Debug|Any CPU.ActiveCfg = Debug|Any CPU
		{E025A153-C6EF-4FC4-BC71-C7F82CF9D7E0}.Debug|Any CPU.Build.0 = Debug|Any CPU
		{E025A153-C6EF-4FC4-BC71-C7F82CF9D7E0}.Release|Any CPU.ActiveCfg = Release|Any CPU
		{E025A153-C6EF-4FC4-BC71-C7F82CF9D7E0}.Release|Any CPU.Build.0 = Release|Any CPU
		{B382E0BE-C40A-4B7A-926C-3509C6E56102}.Debug|Any CPU.ActiveCfg = Debug|Any CPU
		{B382E0BE-C40A-4B7A-926C-3509C6E56102}.Debug|Any CPU.Build.0 = Debug|Any CPU
		{B382E0BE-C40A-4B7A-926C-3509C6E56102}.Release|Any CPU.ActiveCfg = Release|Any CPU
		{B382E0BE-C40A-4B7A-926C-3509C6E56102}.Release|Any CPU.Build.0 = Release|Any CPU
	EndGlobalSection
EndGlobal
